
Microsoft Visual Studio Solution File, Format Version 12.00
# Visual Studio Version 17
VisualStudioVersion = 17.0.31903.59
MinimumVisualStudioVersion = 10.0.40219.1
Project("{2150E333-8FDC-42A3-9474-1A3956D46DE8}") = "src", "src", "{827E0CD3-B72D-47B6-A68D-7590B98EB39B}"
EndProject
Project("{FAE04EC0-301F-11D3-BF4B-00C04F79EFBC}") = "RegraDeCasamento.Application", "src\RegraDeCasamento.Application\RegraDeCasamento.Application.csproj", "{30EEA220-2F7C-4DF1-A06E-3EFB2E980EE3}"
EndProject
Project("{FAE04EC0-301F-11D3-BF4B-00C04F79EFBC}") = "RegraDeCasamento.Domain", "src\RegraDeCasamento.Domain\RegraDeCasamento.Domain.csproj", "{13031DF9-A14E-4CE5-8D69-77CB60BAE0FF}"
EndProject
Project("{FAE04EC0-301F-11D3-BF4B-00C04F79EFBC}") = "RegraDeCasamento.Infrastructure", "src\RegraDeCasamento.Infrastructure\RegraDeCasamento.Infrastructure.csproj", "{C4C5C53A-8762-4389-A703-62EB3B34B170}"
EndProject
Project("{FAE04EC0-301F-11D3-BF4B-00C04F79EFBC}") = "RegraDeCasamento.Shared", "src\RegraDeCasamento.Shared\RegraDeCasamento.Shared.csproj", "{4BB4F8F8-CCCD-4CDB-81B8-35C0851FD2BD}"
EndProject
Project("{FAE04EC0-301F-11D3-BF4B-00C04F79EFBC}") = "RegraDeCasamento.Web", "src\RegraDeCasamento.Web\RegraDeCasamento.Web.csproj", "{7483B813-198C-47E8-A27B-465F16F69827}"
EndProject
Project("{FAE04EC0-301F-11D3-BF4B-00C04F79EFBC}") = "RegraDeCasamento.Web.Client", "src\RegraDeCasamento.Web.Client\RegraDeCasamento.Web.Client.csproj", "{0DB31F64-125E-41FE-AEEE-085FD16B7321}"
EndProject
Project("{2150E333-8FDC-42A3-9474-1A3956D46DE8}") = "tests", "tests", "{0AB3BF05-4346-4AA6-1389-037BE0695223}"
EndProject
Project("{FAE04EC0-301F-11D3-BF4B-00C04F79EFBC}") = "RegraDeCasamento.Application.Tests", "tests\RegraDeCasamento.Application.Tests\RegraDeCasamento.Application.Tests.csproj", "{E6A20244-5363-407E-B5D7-EE68338E18B5}"
EndProject
Project("{FAE04EC0-301F-11D3-BF4B-00C04F79EFBC}") = "RegraDeCasamento.Domain.Tests", "tests\RegraDeCasamento.Domain.Tests\RegraDeCasamento.Domain.Tests.csproj", "{AD4C5676-D68A-4A8C-8098-1EC8A262ECAA}"
EndProject
Project("{FAE04EC0-301F-11D3-BF4B-00C04F79EFBC}") = "RegraDeCasamento.Infrastructure.Tests", "tests\RegraDeCasamento.Infrastructure.Tests\RegraDeCasamento.Infrastructure.Tests.csproj", "{A9692776-9E0D-4D90-9CD9-41BF77013F22}"
EndProject
Project("{FAE04EC0-301F-11D3-BF4B-00C04F79EFBC}") = "RegraDeCasamento.Web.Tests", "tests\RegraDeCasamento.Web.Tests\RegraDeCasamento.Web.Tests.csproj", "{0069D3ED-DDA8-4D89-9BB8-F16D8FBD35CD}"
EndProject
Global
	GlobalSection(SolutionConfigurationPlatforms) = preSolution
		Debug|Any CPU = Debug|Any CPU
		Debug|x64 = Debug|x64
		Debug|x86 = Debug|x86
		Release|Any CPU = Release|Any CPU
		Release|x64 = Release|x64
		Release|x86 = Release|x86
	EndGlobalSection
	GlobalSection(ProjectConfigurationPlatforms) = postSolution
		{30EEA220-2F7C-4DF1-A06E-3EFB2E980EE3}.Debug|Any CPU.ActiveCfg = Debug|Any CPU
		{30EEA220-2F7C-4DF1-A06E-3EFB2E980EE3}.Debug|Any CPU.Build.0 = Debug|Any CPU
		{30EEA220-2F7C-4DF1-A06E-3EFB2E980EE3}.Debug|x64.ActiveCfg = Debug|Any CPU
		{30EEA220-2F7C-4DF1-A06E-3EFB2E980EE3}.Debug|x64.Build.0 = Debug|Any CPU
		{30EEA220-2F7C-4DF1-A06E-3EFB2E980EE3}.Debug|x86.ActiveCfg = Debug|Any CPU
		{30EEA220-2F7C-4DF1-A06E-3EFB2E980EE3}.Debug|x86.Build.0 = Debug|Any CPU
		{30EEA220-2F7C-4DF1-A06E-3EFB2E980EE3}.Release|Any CPU.ActiveCfg = Release|Any CPU
		{30EEA220-2F7C-4DF1-A06E-3EFB2E980EE3}.Release|Any CPU.Build.0 = Release|Any CPU
		{30EEA220-2F7C-4DF1-A06E-3EFB2E980EE3}.Release|x64.ActiveCfg = Release|Any CPU
		{30EEA220-2F7C-4DF1-A06E-3EFB2E980EE3}.Release|x64.Build.0 = Release|Any CPU
		{30EEA220-2F7C-4DF1-A06E-3EFB2E980EE3}.Release|x86.ActiveCfg = Release|Any CPU
		{30EEA220-2F7C-4DF1-A06E-3EFB2E980EE3}.Release|x86.Build.0 = Release|Any CPU
		{13031DF9-A14E-4CE5-8D69-77CB60BAE0FF}.Debug|Any CPU.ActiveCfg = Debug|Any CPU
		{13031DF9-A14E-4CE5-8D69-77CB60BAE0FF}.Debug|Any CPU.Build.0 = Debug|Any CPU
		{13031DF9-A14E-4CE5-8D69-77CB60BAE0FF}.Debug|x64.ActiveCfg = Debug|Any CPU
		{13031DF9-A14E-4CE5-8D69-77CB60BAE0FF}.Debug|x64.Build.0 = Debug|Any CPU
		{13031DF9-A14E-4CE5-8D69-77CB60BAE0FF}.Debug|x86.ActiveCfg = Debug|Any CPU
		{13031DF9-A14E-4CE5-8D69-77CB60BAE0FF}.Debug|x86.Build.0 = Debug|Any CPU
		{13031DF9-A14E-4CE5-8D69-77CB60BAE0FF}.Release|Any CPU.ActiveCfg = Release|Any CPU
		{13031DF9-A14E-4CE5-8D69-77CB60BAE0FF}.Release|Any CPU.Build.0 = Release|Any CPU
		{13031DF9-A14E-4CE5-8D69-77CB60BAE0FF}.Release|x64.ActiveCfg = Release|Any CPU
		{13031DF9-A14E-4CE5-8D69-77CB60BAE0FF}.Release|x64.Build.0 = Release|Any CPU
		{13031DF9-A14E-4CE5-8D69-77CB60BAE0FF}.Release|x86.ActiveCfg = Release|Any CPU
		{13031DF9-A14E-4CE5-8D69-77CB60BAE0FF}.Release|x86.Build.0 = Release|Any CPU
		{C4C5C53A-8762-4389-A703-62EB3B34B170}.Debug|Any CPU.ActiveCfg = Debug|Any CPU
		{C4C5C53A-8762-4389-A703-62EB3B34B170}.Debug|Any CPU.Build.0 = Debug|Any CPU
		{C4C5C53A-8762-4389-A703-62EB3B34B170}.Debug|x64.ActiveCfg = Debug|Any CPU
		{C4C5C53A-8762-4389-A703-62EB3B34B170}.Debug|x64.Build.0 = Debug|Any CPU
		{C4C5C53A-8762-4389-A703-62EB3B34B170}.Debug|x86.ActiveCfg = Debug|Any CPU
		{C4C5C53A-8762-4389-A703-62EB3B34B170}.Debug|x86.Build.0 = Debug|Any CPU
		{C4C5C53A-8762-4389-A703-62EB3B34B170}.Release|Any CPU.ActiveCfg = Release|Any CPU
		{C4C5C53A-8762-4389-A703-62EB3B34B170}.Release|Any CPU.Build.0 = Release|Any CPU
		{C4C5C53A-8762-4389-A703-62EB3B34B170}.Release|x64.ActiveCfg = Release|Any CPU
		{C4C5C53A-8762-4389-A703-62EB3B34B170}.Release|x64.Build.0 = Release|Any CPU
		{C4C5C53A-8762-4389-A703-62EB3B34B170}.Release|x86.ActiveCfg = Release|Any CPU
		{C4C5C53A-8762-4389-A703-62EB3B34B170}.Release|x86.Build.0 = Release|Any CPU
		{4BB4F8F8-CCCD-4CDB-81B8-35C0851FD2BD}.Debug|Any CPU.ActiveCfg = Debug|Any CPU
		{4BB4F8F8-CCCD-4CDB-81B8-35C0851FD2BD}.Debug|Any CPU.Build.0 = Debug|Any CPU
		{4BB4F8F8-CCCD-4CDB-81B8-35C0851FD2BD}.Debug|x64.ActiveCfg = Debug|Any CPU
		{4BB4F8F8-CCCD-4CDB-81B8-35C0851FD2BD}.Debug|x64.Build.0 = Debug|Any CPU
		{4BB4F8F8-CCCD-4CDB-81B8-35C0851FD2BD}.Debug|x86.ActiveCfg = Debug|Any CPU
		{4BB4F8F8-CCCD-4CDB-81B8-35C0851FD2BD}.Debug|x86.Build.0 = Debug|Any CPU
		{4BB4F8F8-CCCD-4CDB-81B8-35C0851FD2BD}.Release|Any CPU.ActiveCfg = Release|Any CPU
		{4BB4F8F8-CCCD-4CDB-81B8-35C0851FD2BD}.Release|Any CPU.Build.0 = Release|Any CPU
		{4BB4F8F8-CCCD-4CDB-81B8-35C0851FD2BD}.Release|x64.ActiveCfg = Release|Any CPU
		{4BB4F8F8-CCCD-4CDB-81B8-35C0851FD2BD}.Release|x64.Build.0 = Release|Any CPU
		{4BB4F8F8-CCCD-4CDB-81B8-35C0851FD2BD}.Release|x86.ActiveCfg = Release|Any CPU
		{4BB4F8F8-CCCD-4CDB-81B8-35C0851FD2BD}.Release|x86.Build.0 = Release|Any CPU
		{7483B813-198C-47E8-A27B-465F16F69827}.Debug|Any CPU.ActiveCfg = Debug|Any CPU
		{7483B813-198C-47E8-A27B-465F16F69827}.Debug|Any CPU.Build.0 = Debug|Any CPU
		{7483B813-198C-47E8-A27B-465F16F69827}.Debug|x64.ActiveCfg = Debug|Any CPU
		{7483B813-198C-47E8-A27B-465F16F69827}.Debug|x64.Build.0 = Debug|Any CPU
		{7483B813-198C-47E8-A27B-465F16F69827}.Debug|x86.ActiveCfg = Debug|Any CPU
		{7483B813-198C-47E8-A27B-465F16F69827}.Debug|x86.Build.0 = Debug|Any CPU
		{7483B813-198C-47E8-A27B-465F16F69827}.Release|Any CPU.ActiveCfg = Release|Any CPU
		{7483B813-198C-47E8-A27B-465F16F69827}.Release|Any CPU.Build.0 = Release|Any CPU
		{7483B813-198C-47E8-A27B-465F16F69827}.Release|x64.ActiveCfg = Release|Any CPU
		{7483B813-198C-47E8-A27B-465F16F69827}.Release|x64.Build.0 = Release|Any CPU
		{7483B813-198C-47E8-A27B-465F16F69827}.Release|x86.ActiveCfg = Release|Any CPU
		{7483B813-198C-47E8-A27B-465F16F69827}.Release|x86.Build.0 = Release|Any CPU
		{0DB31F64-125E-41FE-AEEE-085FD16B7321}.Debug|Any CPU.ActiveCfg = Debug|Any CPU
		{0DB31F64-125E-41FE-AEEE-085FD16B7321}.Debug|Any CPU.Build.0 = Debug|Any CPU
		{0DB31F64-125E-41FE-AEEE-085FD16B7321}.Debug|x64.ActiveCfg = Debug|Any CPU
		{0DB31F64-125E-41FE-AEEE-085FD16B7321}.Debug|x64.Build.0 = Debug|Any CPU
		{0DB31F64-125E-41FE-AEEE-085FD16B7321}.Debug|x86.ActiveCfg = Debug|Any CPU
		{0DB31F64-125E-41FE-AEEE-085FD16B7321}.Debug|x86.Build.0 = Debug|Any CPU
		{0DB31F64-125E-41FE-AEEE-085FD16B7321}.Release|Any CPU.ActiveCfg = Release|Any CPU
		{0DB31F64-125E-41FE-AEEE-085FD16B7321}.Release|Any CPU.Build.0 = Release|Any CPU
		{0DB31F64-125E-41FE-AEEE-085FD16B7321}.Release|x64.ActiveCfg = Release|Any CPU
		{0DB31F64-125E-41FE-AEEE-085FD16B7321}.Release|x64.Build.0 = Release|Any CPU
		{0DB31F64-125E-41FE-AEEE-085FD16B7321}.Release|x86.ActiveCfg = Release|Any CPU
		{0DB31F64-125E-41FE-AEEE-085FD16B7321}.Release|x86.Build.0 = Release|Any CPU
		{E6A20244-5363-407E-B5D7-EE68338E18B5}.Debug|Any CPU.ActiveCfg = Debug|Any CPU
		{E6A20244-5363-407E-B5D7-EE68338E18B5}.Debug|Any CPU.Build.0 = Debug|Any CPU
		{E6A20244-5363-407E-B5D7-EE68338E18B5}.Debug|x64.ActiveCfg = Debug|Any CPU
		{E6A20244-5363-407E-B5D7-EE68338E18B5}.Debug|x64.Build.0 = Debug|Any CPU
		{E6A20244-5363-407E-B5D7-EE68338E18B5}.Debug|x86.ActiveCfg = Debug|Any CPU
		{E6A20244-5363-407E-B5D7-EE68338E18B5}.Debug|x86.Build.0 = Debug|Any CPU
		{E6A20244-5363-407E-B5D7-EE68338E18B5}.Release|Any CPU.ActiveCfg = Release|Any CPU
		{E6A20244-5363-407E-B5D7-EE68338E18B5}.Release|Any CPU.Build.0 = Release|Any CPU
		{E6A20244-5363-407E-B5D7-EE68338E18B5}.Release|x64.ActiveCfg = Release|Any CPU
		{E6A20244-5363-407E-B5D7-EE68338E18B5}.Release|x64.Build.0 = Release|Any CPU
		{E6A20244-5363-407E-B5D7-EE68338E18B5}.Release|x86.ActiveCfg = Release|Any CPU
		{E6A20244-5363-407E-B5D7-EE68338E18B5}.Release|x86.Build.0 = Release|Any CPU
		{AD4C5676-D68A-4A8C-8098-1EC8A262ECAA}.Debug|Any CPU.ActiveCfg = Debug|Any CPU
		{AD4C5676-D68A-4A8C-8098-1EC8A262ECAA}.Debug|Any CPU.Build.0 = Debug|Any CPU
		{AD4C5676-D68A-4A8C-8098-1EC8A262ECAA}.Debug|x64.ActiveCfg = Debug|Any CPU
		{AD4C5676-D68A-4A8C-8098-1EC8A262ECAA}.Debug|x64.Build.0 = Debug|Any CPU
		{AD4C5676-D68A-4A8C-8098-1EC8A262ECAA}.Debug|x86.ActiveCfg = Debug|Any CPU
		{AD4C5676-D68A-4A8C-8098-1EC8A262ECAA}.Debug|x86.Build.0 = Debug|Any CPU
		{AD4C5676-D68A-4A8C-8098-1EC8A262ECAA}.Release|Any CPU.ActiveCfg = Release|Any CPU
		{AD4C5676-D68A-4A8C-8098-1EC8A262ECAA}.Release|Any CPU.Build.0 = Release|Any CPU
		{AD4C5676-D68A-4A8C-8098-1EC8A262ECAA}.Release|x64.ActiveCfg = Release|Any CPU
		{AD4C5676-D68A-4A8C-8098-1EC8A262ECAA}.Release|x64.Build.0 = Release|Any CPU
		{AD4C5676-D68A-4A8C-8098-1EC8A262ECAA}.Release|x86.ActiveCfg = Release|Any CPU
		{AD4C5676-D68A-4A8C-8098-1EC8A262ECAA}.Release|x86.Build.0 = Release|Any CPU
		{A9692776-9E0D-4D90-9CD9-41BF77013F22}.Debug|Any CPU.ActiveCfg = Debug|Any CPU
		{A9692776-9E0D-4D90-9CD9-41BF77013F22}.Debug|Any CPU.Build.0 = Debug|Any CPU
		{A9692776-9E0D-4D90-9CD9-41BF77013F22}.Debug|x64.ActiveCfg = Debug|Any CPU
		{A9692776-9E0D-4D90-9CD9-41BF77013F22}.Debug|x64.Build.0 = Debug|Any CPU
		{A9692776-9E0D-4D90-9CD9-41BF77013F22}.Debug|x86.ActiveCfg = Debug|Any CPU
		{A9692776-9E0D-4D90-9CD9-41BF77013F22}.Debug|x86.Build.0 = Debug|Any CPU
		{A9692776-9E0D-4D90-9CD9-41BF77013F22}.Release|Any CPU.ActiveCfg = Release|Any CPU
		{A9692776-9E0D-4D90-9CD9-41BF77013F22}.Release|Any CPU.Build.0 = Release|Any CPU
		{A9692776-9E0D-4D90-9CD9-41BF77013F22}.Release|x64.ActiveCfg = Release|Any CPU
		{A9692776-9E0D-4D90-9CD9-41BF77013F22}.Release|x64.Build.0 = Release|Any CPU
		{A9692776-9E0D-4D90-9CD9-41BF77013F22}.Release|x86.ActiveCfg = Release|Any CPU
		{A9692776-9E0D-4D90-9CD9-41BF77013F22}.Release|x86.Build.0 = Release|Any CPU
		{0069D3ED-DDA8-4D89-9BB8-F16D8FBD35CD}.Debug|Any CPU.ActiveCfg = Debug|Any CPU
		{0069D3ED-DDA8-4D89-9BB8-F16D8FBD35CD}.Debug|Any CPU.Build.0 = Debug|Any CPU
		{0069D3ED-DDA8-4D89-9BB8-F16D8FBD35CD}.Debug|x64.ActiveCfg = Debug|Any CPU
		{0069D3ED-DDA8-4D89-9BB8-F16D8FBD35CD}.Debug|x64.Build.0 = Debug|Any CPU
		{0069D3ED-DDA8-4D89-9BB8-F16D8FBD35CD}.Debug|x86.ActiveCfg = Debug|Any CPU
		{0069D3ED-DDA8-4D89-9BB8-F16D8FBD35CD}.Debug|x86.Build.0 = Debug|Any CPU
		{0069D3ED-DDA8-4D89-9BB8-F16D8FBD35CD}.Release|Any CPU.ActiveCfg = Release|Any CPU
		{0069D3ED-DDA8-4D89-9BB8-F16D8FBD35CD}.Release|Any CPU.Build.0 = Release|Any CPU
		{0069D3ED-DDA8-4D89-9BB8-F16D8FBD35CD}.Release|x64.ActiveCfg = Release|Any CPU
		{0069D3ED-DDA8-4D89-9BB8-F16D8FBD35CD}.Release|x64.Build.0 = Release|Any CPU
		{0069D3ED-DDA8-4D89-9BB8-F16D8FBD35CD}.Release|x86.ActiveCfg = Release|Any CPU
		{0069D3ED-DDA8-4D89-9BB8-F16D8FBD35CD}.Release|x86.Build.0 = Release|Any CPU
	EndGlobalSection
	GlobalSection(SolutionProperties) = preSolution
		HideSolutionNode = FALSE
	EndGlobalSection
	GlobalSection(NestedProjects) = preSolution
		{30EEA220-2F7C-4DF1-A06E-3EFB2E980EE3} = {827E0CD3-B72D-47B6-A68D-7590B98EB39B}
		{13031DF9-A14E-4CE5-8D69-77CB60BAE0FF} = {827E0CD3-B72D-47B6-A68D-7590B98EB39B}
		{C4C5C53A-8762-4389-A703-62EB3B34B170} = {827E0CD3-B72D-47B6-A68D-7590B98EB39B}
		{4BB4F8F8-CCCD-4CDB-81B8-35C0851FD2BD} = {827E0CD3-B72D-47B6-A68D-7590B98EB39B}
		{7483B813-198C-47E8-A27B-465F16F69827} = {827E0CD3-B72D-47B6-A68D-7590B98EB39B}
		{0DB31F64-125E-41FE-AEEE-085FD16B7321} = {827E0CD3-B72D-47B6-A68D-7590B98EB39B}
		{E6A20244-5363-407E-B5D7-EE68338E18B5} = {0AB3BF05-4346-4AA6-1389-037BE0695223}
		{AD4C5676-D68A-4A8C-8098-1EC8A262ECAA} = {0AB3BF05-4346-4AA6-1389-037BE0695223}
		{A9692776-9E0D-4D90-9CD9-41BF77013F22} = {0AB3BF05-4346-4AA6-1389-037BE0695223}
		{0069D3ED-DDA8-4D89-9BB8-F16D8FBD35CD} = {0AB3BF05-4346-4AA6-1389-037BE0695223}
	EndGlobalSection
EndGlobal
